
Microsoft Visual Studio Solution File, Format Version 12.00
# Visual Studio Version 17
VisualStudioVersion = 17.2.32516.85
MinimumVisualStudioVersion = 10.0.40219.1
Project("{FAE04EC0-301F-11D3-BF4B-00C04F79EFBC}") = "Calculator.API", "src\Calculator.API\Calculator.API.csproj", "{95A5652E-E403-43F7-A4D8-6EAB3410B3BF}"
EndProject
Project("{FAE04EC0-301F-11D3-BF4B-00C04F79EFBC}") = "Calcultor.UnitTests", "tests\Calcultor.UnitTests\Calcultor.UnitTests.csproj", "{2DC9E969-8C18-4DD1-9558-2811FD0EC2B3}"
EndProject
Global
	GlobalSection(SolutionConfigurationPlatforms) = preSolution
		Debug|Any CPU = Debug|Any CPU
		Release|Any CPU = Release|Any CPU
	EndGlobalSection
	GlobalSection(ProjectConfigurationPlatforms) = postSolution
		{95A5652E-E403-43F7-A4D8-6EAB3410B3BF}.Debug|Any CPU.ActiveCfg = Debug|Any CPU
		{95A5652E-E403-43F7-A4D8-6EAB3410B3BF}.Debug|Any CPU.Build.0 = Debug|Any CPU
		{95A5652E-E403-43F7-A4D8-6EAB3410B3BF}.Release|Any CPU.ActiveCfg = Release|Any CPU
		{95A5652E-E403-43F7-A4D8-6EAB3410B3BF}.Release|Any CPU.Build.0 = Release|Any CPU
		{2DC9E969-8C18-4DD1-9558-2811FD0EC2B3}.Debug|Any CPU.ActiveCfg = Debug|Any CPU
		{2DC9E969-8C18-4DD1-9558-2811FD0EC2B3}.Debug|Any CPU.Build.0 = Debug|Any CPU
		{2DC9E969-8C18-4DD1-9558-2811FD0EC2B3}.Release|Any CPU.ActiveCfg = Release|Any CPU
		{2DC9E969-8C18-4DD1-9558-2811FD0EC2B3}.Release|Any CPU.Build.0 = Release|Any CPU
	EndGlobalSection
	GlobalSection(SolutionProperties) = preSolution
		HideSolutionNode = FALSE
	EndGlobalSection
	GlobalSection(ExtensibilityGlobals) = postSolution
		SolutionGuid = {5588583F-3BD8-4E0C-B6B8-7D8B201F1546}
	EndGlobalSection
EndGlobal
